
Microsoft Visual Studio Solution File, Format Version 12.00
# Visual Studio Version 17
VisualStudioVersion = 17.7.34024.191
MinimumVisualStudioVersion = 10.0.40219.1
Project("{FAE04EC0-301F-11D3-BF4B-00C04F79EFBC}") = "N13310001 (1)", "N13310001 (1)\N13310001 (1).csproj", "{C528AC57-C019-4AA5-B980-BD0B46E8EA67}"
EndProject
Global
	GlobalSection(SolutionConfigurationPlatforms) = preSolution
		Debug|Any CPU = Debug|Any CPU
		Release|Any CPU = Release|Any CPU
	EndGlobalSection
	GlobalSection(ProjectConfigurationPlatforms) = postSolution
		{C528AC57-C019-4AA5-B980-BD0B46E8EA67}.Debug|Any CPU.ActiveCfg = Debug|Any CPU
		{C528AC57-C019-4AA5-B980-BD0B46E8EA67}.Debug|Any CPU.Build.0 = Debug|Any CPU
		{C528AC57-C019-4AA5-B980-BD0B46E8EA67}.Release|Any CPU.ActiveCfg = Release|Any CPU
		{C528AC57-C019-4AA5-B980-BD0B46E8EA67}.Release|Any CPU.Build.0 = Release|Any CPU
	EndGlobalSection
	GlobalSection(SolutionProperties) = preSolution
		HideSolutionNode = FALSE
	EndGlobalSection
	GlobalSection(ExtensibilityGlobals) = postSolution
		SolutionGuid = {34389905-658A-4A68-9497-A554DB3D6F65}
	EndGlobalSection
EndGlobal
